
Microsoft Visual Studio Solution File, Format Version 12.00
# Visual Studio Version 16
VisualStudioVersion = 16.0.29613.14
MinimumVisualStudioVersion = 10.0.40219.1
Project("{9A19103F-16F7-4668-BE54-9A1E7A4F7556}") = "InventoryLocks", "InventoryLocks.csproj", "{D23AE01A-2C56-45F7-8A52-0209E91B1FF9}"
EndProject
Global
	GlobalSection(SolutionConfigurationPlatforms) = preSolution
		Debug|Any CPU = Debug|Any CPU
		Release|Any CPU = Release|Any CPU
	EndGlobalSection
	GlobalSection(ProjectConfigurationPlatforms) = postSolution
		{D23AE01A-2C56-45F7-8A52-0209E91B1FF9}.Debug|Any CPU.ActiveCfg = Debug|Any CPU
		{D23AE01A-2C56-45F7-8A52-0209E91B1FF9}.Debug|Any CPU.Build.0 = Debug|Any CPU
		{D23AE01A-2C56-45F7-8A52-0209E91B1FF9}.Release|Any CPU.ActiveCfg = Release|Any CPU
		{D23AE01A-2C56-45F7-8A52-0209E91B1FF9}.Release|Any CPU.Build.0 = Release|Any CPU
	EndGlobalSection
	GlobalSection(SolutionProperties) = preSolution
		HideSolutionNode = FALSE
	EndGlobalSection
	GlobalSection(ExtensibilityGlobals) = postSolution
		SolutionGuid = {8C200D3E-1D84-4828-8BA6-24262F458799}
	EndGlobalSection
EndGlobal
